// !$*UTF8*$!
{
	archiveVersion = 1;
	classes = {
	};
	objectVersion = 56;
	objects = {

/* Begin PBXBuildFile section */
		AC2084DB2CDD128E00E27346 /* ProductCell.swift in Sources */ = {isa = PBXBuildFile; fileRef = AC2084DA2CDD128E00E27346 /* ProductCell.swift */; };
		AC2084DD2CDD12D100E27346 /* Item.swift in Sources */ = {isa = PBXBuildFile; fileRef = AC2084DC2CDD12D100E27346 /* Item.swift */; };
		AC2084DF2CDD12E000E27346 /* SearchResult.swift in Sources */ = {isa = PBXBuildFile; fileRef = AC2084DE2CDD12E000E27346 /* SearchResult.swift */; };
		ACBF0C762CCAEEEC00466582 /* AppDelegate.swift in Sources */ = {isa = PBXBuildFile; fileRef = ACBF0C752CCAEEEC00466582 /* AppDelegate.swift */; };
		ACBF0C782CCAEEEC00466582 /* SceneDelegate.swift in Sources */ = {isa = PBXBuildFile; fileRef = ACBF0C772CCAEEEC00466582 /* SceneDelegate.swift */; };
		ACBF0C7A2CCAEEEC00466582 /* ViewController.swift in Sources */ = {isa = PBXBuildFile; fileRef = ACBF0C792CCAEEEC00466582 /* ViewController.swift */; };
		ACBF0C7D2CCAEEEC00466582 /* Base in Resources */ = {isa = PBXBuildFile; fileRef = ACBF0C7C2CCAEEEC00466582 /* Base */; };
		ACBF0C7F2CCAEEED00466582 /* Assets.xcassets in Resources */ = {isa = PBXBuildFile; fileRef = ACBF0C7E2CCAEEED00466582 /* Assets.xcassets */; };
		ACBF0C822CCAEEED00466582 /* Base in Resources */ = {isa = PBXBuildFile; fileRef = ACBF0C812CCAEEED00466582 /* Base */; };
/* End PBXBuildFile section */

/* Begin PBXFileReference section */
		AC2084DA2CDD128E00E27346 /* ProductCell.swift */ = {isa = PBXFileReference; lastKnownFileType = sourcecode.swift; path = ProductCell.swift; sourceTree = "<group>"; };
		AC2084DC2CDD12D100E27346 /* Item.swift */ = {isa = PBXFileReference; lastKnownFileType = sourcecode.swift; path = Item.swift; sourceTree = "<group>"; };
		AC2084DE2CDD12E000E27346 /* SearchResult.swift */ = {isa = PBXFileReference; lastKnownFileType = sourcecode.swift; path = SearchResult.swift; sourceTree = "<group>"; };
		ACBF0C722CCAEEEC00466582 /* mercadoLibre.app */ = {isa = PBXFileReference; explicitFileType = wrapper.application; includeInIndex = 0; path = mercadoLibre.app; sourceTree = BUILT_PRODUCTS_DIR; };
		ACBF0C752CCAEEEC00466582 /* AppDelegate.swift */ = {isa = PBXFileReference; lastKnownFileType = sourcecode.swift; path = AppDelegate.swift; sourceTree = "<group>"; };
		ACBF0C772CCAEEEC00466582 /* SceneDelegate.swift */ = {isa = PBXFileReference; lastKnownFileType = sourcecode.swift; path = SceneDelegate.swift; sourceTree = "<group>"; };
		ACBF0C792CCAEEEC00466582 /* ViewController.swift */ = {isa = PBXFileReference; lastKnownFileType = sourcecode.swift; path = ViewController.swift; sourceTree = "<group>"; };
		ACBF0C7C2CCAEEEC00466582 /* Base */ = {isa = PBXFileReference; lastKnownFileType = file.storyboard; name = Base; path = Base.lproj/Main.storyboard; sourceTree = "<group>"; };
		ACBF0C7E2CCAEEED00466582 /* Assets.xcassets */ = {isa = PBXFileReference; lastKnownFileType = folder.assetcatalog; path = Assets.xcassets; sourceTree = "<group>"; };
		ACBF0C812CCAEEED00466582 /* Base */ = {isa = PBXFileReference; lastKnownFileType = file.storyboard; name = Base; path = Base.lproj/LaunchScreen.storyboard; sourceTree = "<group>"; };
		ACBF0C832CCAEEED00466582 /* Info.plist */ = {isa = PBXFileReference; lastKnownFileType = text.plist.xml; path = Info.plist; sourceTree = "<group>"; };
/* End PBXFileReference section */

/* Begin PBXFrameworksBuildPhase section */
		ACBF0C6F2CCAEEEC00466582 /* Frameworks */ = {
			isa = PBXFrameworksBuildPhase;
			buildActionMask = 2147483647;
			files = (
			);
			runOnlyForDeploymentPostprocessing = 0;
		};
/* End PBXFrameworksBuildPhase section */

/* Begin PBXGroup section */
		ACBF0C692CCAEEEC00466582 = {
			isa = PBXGroup;
			children = (
				ACBF0C742CCAEEEC00466582 /* mercadoLibre */,
				ACBF0C732CCAEEEC00466582 /* Products */,
			);
			sourceTree = "<group>";
		};
		ACBF0C732CCAEEEC00466582 /* Products */ = {
			isa = PBXGroup;
			children = (
				ACBF0C722CCAEEEC00466582 /* mercadoLibre.app */,
			);
			name = Products;
			sourceTree = "<group>";
		};
		ACBF0C742CCAEEEC00466582 /* mercadoLibre */ = {
			isa = PBXGroup;
			children = (
				ACBF0C752CCAEEEC00466582 /* AppDelegate.swift */,
				ACBF0C772CCAEEEC00466582 /* SceneDelegate.swift */,
				ACBF0C792CCAEEEC00466582 /* ViewController.swift */,
				AC2084DE2CDD12E000E27346 /* SearchResult.swift */,
				AC2084DC2CDD12D100E27346 /* Item.swift */,
				AC2084DA2CDD128E00E27346 /* ProductCell.swift */,
				ACBF0C7B2CCAEEEC00466582 /* Main.storyboard */,
				ACBF0C7E2CCAEEED00466582 /* Assets.xcassets */,
				ACBF0C802CCAEEED00466582 /* LaunchScreen.storyboard */,
				ACBF0C832CCAEEED00466582 /* Info.plist */,
			);
			path = mercadoLibre;
			sourceTree = "<group>";
		};
/* End PBXGroup section */

/* Begin PBXNativeTarget section */
		ACBF0C712CCAEEEC00466582 /* mercadoLibre */ = {
			isa = PBXNativeTarget;
			buildConfigurationList = ACBF0C862CCAEEED00466582 /* Build configuration list for PBXNativeTarget "mercadoLibre" */;
			buildPhases = (
				ACBF0C6E2CCAEEEC00466582 /* Sources */,
				ACBF0C6F2CCAEEEC00466582 /* Frameworks */,
				ACBF0C702CCAEEEC00466582 /* Resources */,
			);
			buildRules = (
			);
			dependencies = (
			);
			name = mercadoLibre;
			productName = mercadoLibre;
			productReference = ACBF0C722CCAEEEC00466582 /* mercadoLibre.app */;
			productType = "com.apple.product-type.application";
		};
/* End PBXNativeTarget section */

/* Begin PBXProject section */
		ACBF0C6A2CCAEEEC00466582 /* Project object */ = {
			isa = PBXProject;
			attributes = {
				BuildIndependentTargetsInParallel = 1;
				LastSwiftUpdateCheck = 1530;
				LastUpgradeCheck = 1530;
				TargetAttributes = {
					ACBF0C712CCAEEEC00466582 = {
						CreatedOnToolsVersion = 15.3;
					};
				};
			};
			buildConfigurationList = ACBF0C6D2CCAEEEC00466582 /* Build configuration list for PBXProject "mercadoLibre" */;
			compatibilityVersion = "Xcode 14.0";
			developmentRegion = en;
			hasScannedForEncodings = 0;
			knownRegions = (
				en,
				Base,
			);
			mainGroup = ACBF0C692CCAEEEC00466582;
			productRefGroup = ACBF0C732CCAEEEC00466582 /* Products */;
			projectDirPath = "";
			projectRoot = "";
			targets = (
				ACBF0C712CCAEEEC00466582 /* mercadoLibre */,
			);
		};
/* End PBXProject section */

/* Begin PBXResourcesBuildPhase section */
		ACBF0C702CCAEEEC00466582 /* Resources */ = {
			isa = PBXResourcesBuildPhase;
			buildActionMask = 2147483647;
			files = (
				ACBF0C7F2CCAEEED00466582 /* Assets.xcassets in Resources */,
				ACBF0C822CCAEEED00466582 /* Base in Resources */,
				ACBF0C7D2CCAEEEC00466582 /* Base in Resources */,
			);
			runOnlyForDeploymentPostprocessing = 0;
		};
/* End PBXResourcesBuildPhase section */

/* Begin PBXSourcesBuildPhase section */
		ACBF0C6E2CCAEEEC00466582 /* Sources */ = {
			isa = PBXSourcesBuildPhase;
			buildActionMask = 2147483647;
			files = (
				AC2084DD2CDD12D100E27346 /* Item.swift in Sources */,
				ACBF0C7A2CCAEEEC00466582 /* ViewController.swift in Sources */,
				AC2084DB2CDD128E00E27346 /* ProductCell.swift in Sources */,
				ACBF0C762CCAEEEC00466582 /* AppDelegate.swift in Sources */,
				AC2084DF2CDD12E000E27346 /* SearchResult.swift in Sources */,
				ACBF0C782CCAEEEC00466582 /* SceneDelegate.swift in Sources */,
			);
			runOnlyForDeploymentPostprocessing = 0;
		};
/* End PBXSourcesBuildPhase section */

/* Begin PBXVariantGroup section */
		ACBF0C7B2CCAEEEC00466582 /* Main.storyboard */ = {
			isa = PBXVariantGroup;
			children = (
				ACBF0C7C2CCAEEEC00466582 /* Base */,
			);
			name = Main.storyboard;
			sourceTree = "<group>";
		};
		ACBF0C802CCAEEED00466582 /* LaunchScreen.storyboard */ = {
			isa = PBXVariantGroup;
			children = (
				ACBF0C812CCAEEED00466582 /* Base */,
			);
			name = LaunchScreen.storyboard;
			sourceTree = "<group>";
		};
/* End PBXVariantGroup section */

/* Begin XCBuildConfiguration section */
		ACBF0C842CCAEEED00466582 /* Debug */ = {
			isa = XCBuildConfiguration;
			buildSettings = {
				ALWAYS_SEARCH_USER_PATHS = NO;
				ASSETCATALOG_COMPILER_GENERATE_SWIFT_ASSET_SYMBOL_EXTENSIONS = YES;
				CLANG_ANALYZER_NONNULL = YES;
				CLANG_ANALYZER_NUMBER_OBJECT_CONVERSION = YES_AGGRESSIVE;
				CLANG_CXX_LANGUAGE_STANDARD = "gnu++20";
				CLANG_ENABLE_MODULES = YES;
				CLANG_ENABLE_OBJC_ARC = YES;
				CLANG_ENABLE_OBJC_WEAK = YES;
				CLANG_WARN_BLOCK_CAPTURE_AUTORELEASING = YES;
				CLANG_WARN_BOOL_CONVERSION = YES;
				CLANG_WARN_COMMA = YES;
				CLANG_WARN_CONSTANT_CONVERSION = YES;
				CLANG_WARN_DEPRECATED_OBJC_IMPLEMENTATIONS = YES;
				CLANG_WARN_DIRECT_OBJC_ISA_USAGE = YES_ERROR;
				CLANG_WARN_DOCUMENTATION_COMMENTS = YES;
				CLANG_WARN_EMPTY_BODY = YES;
				CLANG_WARN_ENUM_CONVERSION = YES;
				CLANG_WARN_INFINITE_RECURSION = YES;
				CLANG_WARN_INT_CONVERSION = YES;
				CLANG_WARN_NON_LITERAL_NULL_CONVERSION = YES;
				CLANG_WARN_OBJC_IMPLICIT_RETAIN_SELF = YES;
				CLANG_WARN_OBJC_LITERAL_CONVERSION = YES;
				CLANG_WARN_OBJC_ROOT_CLASS = YES_ERROR;
				CLANG_WARN_QUOTED_INCLUDE_IN_FRAMEWORK_HEADER = YES;
				CLANG_WARN_RANGE_LOOP_ANALYSIS = YES;
				CLANG_WARN_STRICT_PROTOTYPES = YES;
				CLANG_WARN_SUSPICIOUS_MOVE = YES;
				CLANG_WARN_UNGUARDED_AVAILABILITY = YES_AGGRESSIVE;
				CLANG_WARN_UNREACHABLE_CODE = YES;
				CLANG_WARN__DUPLICATE_METHOD_MATCH = YES;
				COPY_PHASE_STRIP = NO;
				DEBUG_INFORMATION_FORMAT = dwarf;
				ENABLE_STRICT_OBJC_MSGSEND = YES;
				ENABLE_TESTABILITY = YES;
				ENABLE_USER_SCRIPT_SANDBOXING = YES;
				GCC_C_LANGUAGE_STANDARD = gnu17;
				GCC_DYNAMIC_NO_PIC = NO;
				GCC_NO_COMMON_BLOCKS = YES;
				GCC_OPTIMIZATION_LEVEL = 0;
				GCC_PREPROCESSOR_DEFINITIONS = (
					"DEBUG=1",
					"$(inherited)",
				);
				GCC_WARN_64_TO_32_BIT_CONVERSION = YES;
				GCC_WARN_ABOUT_RETURN_TYPE = YES_ERROR;
				GCC_WARN_UNDECLARED_SELECTOR = YES;
				GCC_WARN_UNINITIALIZED_AUTOS = YES_AGGRESSIVE;
				GCC_WARN_UNUSED_FUNCTION = YES;
				GCC_WARN_UNUSED_VARIABLE = YES;
				IPHONEOS_DEPLOYMENT_TARGET = 17.4;
				LOCALIZATION_PREFERS_STRING_CATALOGS = YES;
				MTL_ENABLE_DEBUG_INFO = INCLUDE_SOURCE;
				MTL_FAST_MATH = YES;
				ONLY_ACTIVE_ARCH = YES;
				SDKROOT = iphoneos;
				SWIFT_ACTIVE_COMPILATION_CONDITIONS = "DEBUG $(inherited)";
				SWIFT_OPTIMIZATION_LEVEL = "-Onone";
			};
			name = Debug;
		};
		ACBF0C852CCAEEED00466582 /* Release */ = {
			isa = XCBuildConfiguration;
			buildSettings = {
				ALWAYS_SEARCH_USER_PATHS = NO;
				ASSETCATALOG_COMPILER_GENERATE_SWIFT_ASSET_SYMBOL_EXTENSIONS = YES;
				CLANG_ANALYZER_NONNULL = YES;
				CLANG_ANALYZER_NUMBER_OBJECT_CONVERSION = YES_AGGRESSIVE;
				CLANG_CXX_LANGUAGE_STANDARD = "gnu++20";
				CLANG_ENABLE_MODULES = YES;
				CLANG_ENABLE_OBJC_ARC = YES;
				CLANG_ENABLE_OBJC_WEAK = YES;
				CLANG_WARN_BLOCK_CAPTURE_AUTORELEASING = YES;
				CLANG_WARN_BOOL_CONVERSION = YES;
				CLANG_WARN_COMMA = YES;
				CLANG_WARN_CONSTANT_CONVERSION = YES;
				CLANG_WARN_DEPRECATED_OBJC_IMPLEMENTATIONS = YES;
				CLANG_WARN_DIRECT_OBJC_ISA_USAGE = YES_ERROR;
				CLANG_WARN_DOCUMENTATION_COMMENTS = YES;
				CLANG_WARN_EMPTY_BODY = YES;
				CLANG_WARN_ENUM_CONVERSION = YES;
				CLANG_WARN_INFINITE_RECURSION = YES;
				CLANG_WARN_INT_CONVERSION = YES;
				CLANG_WARN_NON_LITERAL_NULL_CONVERSION = YES;
				CLANG_WARN_OBJC_IMPLICIT_RETAIN_SELF = YES;
				CLANG_WARN_OBJC_LITERAL_CONVERSION = YES;
				CLANG_WARN_OBJC_ROOT_CLASS = YES_ERROR;
				CLANG_WARN_QUOTED_INCLUDE_IN_FRAMEWORK_HEADER = YES;
				CLANG_WARN_RANGE_LOOP_ANALYSIS = YES;
				CLANG_WARN_STRICT_PROTOTYPES = YES;
				CLANG_WARN_SUSPICIOUS_MOVE = YES;
				CLANG_WARN_UNGUARDED_AVAILABILITY = YES_AGGRESSIVE;
				CLANG_WARN_UNREACHABLE_CODE = YES;
				CLANG_WARN__DUPLICATE_METHOD_MATCH = YES;
				COPY_PHASE_STRIP = NO;
				DEBUG_INFORMATION_FORMAT = "dwarf-with-dsym";
				ENABLE_NS_ASSERTIONS = NO;
				ENABLE_STRICT_OBJC_MSGSEND = YES;
				ENABLE_USER_SCRIPT_SANDBOXING = YES;
				GCC_C_LANGUAGE_STANDARD = gnu17;
				GCC_NO_COMMON_BLOCKS = YES;
				GCC_WARN_64_TO_32_BIT_CONVERSION = YES;
				GCC_WARN_ABOUT_RETURN_TYPE = YES_ERROR;
				GCC_WARN_UNDECLARED_SELECTOR = YES;
				GCC_WARN_UNINITIALIZED_AUTOS = YES_AGGRESSIVE;
				GCC_WARN_UNUSED_FUNCTION = YES;
				GCC_WARN_UNUSED_VARIABLE = YES;
				IPHONEOS_DEPLOYMENT_TARGET = 17.4;
				LOCALIZATION_PREFERS_STRING_CATALOGS = YES;
				MTL_ENABLE_DEBUG_INFO = NO;
				MTL_FAST_MATH = YES;
				SDKROOT = iphoneos;
				SWIFT_COMPILATION_MODE = wholemodule;
				VALIDATE_PRODUCT = YES;
			};
			name = Release;
		};
		ACBF0C872CCAEEED00466582 /* Debug */ = {
			isa = XCBuildConfiguration;
			buildSettings = {
				ASSETCATALOG_COMPILER_APPICON_NAME = AppIcon;
				ASSETCATALOG_COMPILER_GLOBAL_ACCENT_COLOR_NAME = AccentColor;
				CODE_SIGN_STYLE = Automatic;
				CURRENT_PROJECT_VERSION = 1;
				DEVELOPMENT_TEAM = 729C59ZDTQ;
				GENERATE_INFOPLIST_FILE = YES;
				INFOPLIST_FILE = mercadoLibre/Info.plist;
				INFOPLIST_KEY_UIApplicationSupportsIndirectInputEvents = YES;
				INFOPLIST_KEY_UILaunchStoryboardName = LaunchScreen;
				INFOPLIST_KEY_UIMainStoryboardFile = Main;
				INFOPLIST_KEY_UISupportedInterfaceOrientations_iPad = "UIInterfaceOrientationPortrait UIInterfaceOrientationPortraitUpsideDown UIInterfaceOrientationLandscapeLeft UIInterfaceOrientationLandscapeRight";
				INFOPLIST_KEY_UISupportedInterfaceOrientations_iPhone = "UIInterfaceOrientationPortrait UIInterfaceOrientationLandscapeLeft UIInterfaceOrientationLandscapeRight";
				LD_RUNPATH_SEARCH_PATHS = (
					"$(inherited)",
					"@executable_path/Frameworks",
				);
				MARKETING_VERSION = 1.0;
				PRODUCT_BUNDLE_IDENTIFIER = jurymar.mercadoLibre;
				PRODUCT_NAME = "$(TARGET_NAME)";
				SWIFT_EMIT_LOC_STRINGS = YES;
				SWIFT_VERSION = 5.0;
				TARGETED_DEVICE_FAMILY = "1,2";
			};
			name = Debug;
		};
		ACBF0C882CCAEEED00466582 /* Release */ = {
			isa = XCBuildConfiguration;
			buildSettings = {
				ASSETCATALOG_COMPILER_APPICON_NAME = AppIcon;
				ASSETCATALOG_COMPILER_GLOBAL_ACCENT_COLOR_NAME = AccentColor;
				CODE_SIGN_STYLE = Automatic;
				CURRENT_PROJECT_VERSION = 1;
				DEVELOPMENT_TEAM = 729C59ZDTQ;
				GENERATE_INFOPLIST_FILE = YES;
				INFOPLIST_FILE = mercadoLibre/Info.plist;
				INFOPLIST_KEY_UIApplicationSupportsIndirectInputEvents = YES;
				INFOPLIST_KEY_UILaunchStoryboardName = LaunchScreen;
				INFOPLIST_KEY_UIMainStoryboardFile = Main;
				INFOPLIST_KEY_UISupportedInterfaceOrientations_iPad = "UIInterfaceOrientationPortrait UIInterfaceOrientationPortraitUpsideDown UIInterfaceOrientationLandscapeLeft UIInterfaceOrientationLandscapeRight";
				INFOPLIST_KEY_UISupportedInterfaceOrientations_iPhone = "UIInterfaceOrientationPortrait UIInterfaceOrientationLandscapeLeft UIInterfaceOrientationLandscapeRight";
				LD_RUNPATH_SEARCH_PATHS = (
					"$(inherited)",
					"@executable_path/Frameworks",
				);
				MARKETING_VERSION = 1.0;
				PRODUCT_BUNDLE_IDENTIFIER = jurymar.mercadoLibre;
				PRODUCT_NAME = "$(TARGET_NAME)";
				SWIFT_EMIT_LOC_STRINGS = YES;
				SWIFT_VERSION = 5.0;
				TARGETED_DEVICE_FAMILY = "1,2";
			};
			name = Release;
		};
/* End XCBuildConfiguration section */

/* Begin XCConfigurationList section */
		ACBF0C6D2CCAEEEC00466582 /* Build configuration list for PBXProject "mercadoLibre" */ = {
			isa = XCConfigurationList;
			buildConfigurations = (
				ACBF0C842CCAEEED00466582 /* Debug */,
				ACBF0C852CCAEEED00466582 /* Release */,
			);
			defaultConfigurationIsVisible = 0;
			defaultConfigurationName = Release;
		};
		ACBF0C862CCAEEED00466582 /* Build configuration list for PBXNativeTarget "mercadoLibre" */ = {
			isa = XCConfigurationList;
			buildConfigurations = (
				ACBF0C872CCAEEED00466582 /* Debug */,
				ACBF0C882CCAEEED00466582 /* Release */,
			);
			defaultConfigurationIsVisible = 0;
			defaultConfigurationName = Release;
		};
/* End XCConfigurationList section */
	};
	rootObject = ACBF0C6A2CCAEEEC00466582 /* Project object */;
}
